// !$*UTF8*$!
{
	archiveVersion = 1;
	classes = {
	};
	objectVersion = 56;
	objects = {

/* Begin PBXBuildFile section */
		6853169B9E2985145C5EC01E /* Pods_RealmSampleApp.framework in Frameworks */ = {isa = PBXBuildFile; fileRef = 4BAAEC7FB742693F88A9F5C4 /* Pods_RealmSampleApp.framework */; };
		E54B7D7C2CFA040A0073D850 /* AppDelegate.swift in Sources */ = {isa = PBXBuildFile; fileRef = E54B7D7B2CFA040A0073D850 /* AppDelegate.swift */; };
		E54B7D7E2CFA040A0073D850 /* SceneDelegate.swift in Sources */ = {isa = PBXBuildFile; fileRef = E54B7D7D2CFA040A0073D850 /* SceneDelegate.swift */; };
		E54B7D802CFA040A0073D850 /* ViewController.swift in Sources */ = {isa = PBXBuildFile; fileRef = E54B7D7F2CFA040A0073D850 /* ViewController.swift */; };
		E54B7D832CFA040A0073D850 /* Base in Resources */ = {isa = PBXBuildFile; fileRef = E54B7D822CFA040A0073D850 /* Base */; };
		E54B7D852CFA040B0073D850 /* Assets.xcassets in Resources */ = {isa = PBXBuildFile; fileRef = E54B7D842CFA040B0073D850 /* Assets.xcassets */; };
		E54B7D882CFA040B0073D850 /* Base in Resources */ = {isa = PBXBuildFile; fileRef = E54B7D872CFA040B0073D850 /* Base */; };
		E54B7D8E2CFA04460073D850 /* Podfile in Resources */ = {isa = PBXBuildFile; fileRef = E54B7D8D2CFA04460073D850 /* Podfile */; };
		E55B846B2CF6D35F00B110F3 /* AppDelegate.swift in Sources */ = {isa = PBXBuildFile; fileRef = E55B846A2CF6D35F00B110F3 /* AppDelegate.swift */; };
		E55B846D2CF6D35F00B110F3 /* SceneDelegate.swift in Sources */ = {isa = PBXBuildFile; fileRef = E55B846C2CF6D35F00B110F3 /* SceneDelegate.swift */; };
		E55B846F2CF6D35F00B110F3 /* ViewController.swift in Sources */ = {isa = PBXBuildFile; fileRef = E55B846E2CF6D35F00B110F3 /* ViewController.swift */; };
		E55B84722CF6D35F00B110F3 /* Base in Resources */ = {isa = PBXBuildFile; fileRef = E55B84712CF6D35F00B110F3 /* Base */; };
		E55B84742CF6D36000B110F3 /* Assets.xcassets in Resources */ = {isa = PBXBuildFile; fileRef = E55B84732CF6D36000B110F3 /* Assets.xcassets */; };
		E55B84772CF6D36000B110F3 /* Base in Resources */ = {isa = PBXBuildFile; fileRef = E55B84762CF6D36000B110F3 /* Base */; };
		E55B847D2CF6D3CF00B110F3 /* FormViewController.swift in Sources */ = {isa = PBXBuildFile; fileRef = E55B847C2CF6D3CF00B110F3 /* FormViewController.swift */; };
		E55B847F2CF6D3E000B110F3 /* AlcoholSelectionView.swift in Sources */ = {isa = PBXBuildFile; fileRef = E55B847E2CF6D3E000B110F3 /* AlcoholSelectionView.swift */; };
		E5627BC72CF4BEDB00C4DD5A /* AppDelegate.swift in Sources */ = {isa = PBXBuildFile; fileRef = E5627BC62CF4BEDB00C4DD5A /* AppDelegate.swift */; };
		E5627BC92CF4BEDB00C4DD5A /* SceneDelegate.swift in Sources */ = {isa = PBXBuildFile; fileRef = E5627BC82CF4BEDB00C4DD5A /* SceneDelegate.swift */; };
		E5627BCB2CF4BEDB00C4DD5A /* CalendarMonthViewController.swift in Sources */ = {isa = PBXBuildFile; fileRef = E5627BCA2CF4BEDB00C4DD5A /* CalendarMonthViewController.swift */; };
		E5627BCE2CF4BEDB00C4DD5A /* Base in Resources */ = {isa = PBXBuildFile; fileRef = E5627BCD2CF4BEDB00C4DD5A /* Base */; };
		E5627BD02CF4BEDB00C4DD5A /* Assets.xcassets in Resources */ = {isa = PBXBuildFile; fileRef = E5627BCF2CF4BEDB00C4DD5A /* Assets.xcassets */; };
		E5627BD32CF4BEDB00C4DD5A /* Base in Resources */ = {isa = PBXBuildFile; fileRef = E5627BD22CF4BEDB00C4DD5A /* Base */; };
		E5627BD92CF4BF2800C4DD5A /* CalendarPageViewController.swift in Sources */ = {isa = PBXBuildFile; fileRef = E5627BD82CF4BF2800C4DD5A /* CalendarPageViewController.swift */; };
		E5627BDB2CF4BF3600C4DD5A /* CustomCalendarCell.swift in Sources */ = {isa = PBXBuildFile; fileRef = E5627BDA2CF4BF3600C4DD5A /* CustomCalendarCell.swift */; };
		E588FE7A2CF94102002F03CB /* AppDelegate.swift in Sources */ = {isa = PBXBuildFile; fileRef = E588FE792CF94102002F03CB /* AppDelegate.swift */; };
		E588FE7C2CF94102002F03CB /* SceneDelegate.swift in Sources */ = {isa = PBXBuildFile; fileRef = E588FE7B2CF94102002F03CB /* SceneDelegate.swift */; };
		E588FE7E2CF94102002F03CB /* ViewController.swift in Sources */ = {isa = PBXBuildFile; fileRef = E588FE7D2CF94102002F03CB /* ViewController.swift */; };
		E588FE812CF94102002F03CB /* Base in Resources */ = {isa = PBXBuildFile; fileRef = E588FE802CF94102002F03CB /* Base */; };
		E588FE832CF94102002F03CB /* Assets.xcassets in Resources */ = {isa = PBXBuildFile; fileRef = E588FE822CF94102002F03CB /* Assets.xcassets */; };
		E588FE862CF94102002F03CB /* Base in Resources */ = {isa = PBXBuildFile; fileRef = E588FE852CF94102002F03CB /* Base */; };
		E588FE8C2CF9442B002F03CB /* CircleButtonView.swift in Sources */ = {isa = PBXBuildFile; fileRef = E588FE8B2CF9442B002F03CB /* CircleButtonView.swift */; };
		E5A92F722CF72E830019C6DB /* AppDelegate.swift in Sources */ = {isa = PBXBuildFile; fileRef = E5A92F712CF72E830019C6DB /* AppDelegate.swift */; };
		E5A92F742CF72E830019C6DB /* SceneDelegate.swift in Sources */ = {isa = PBXBuildFile; fileRef = E5A92F732CF72E830019C6DB /* SceneDelegate.swift */; };
		E5A92F762CF72E830019C6DB /* ViewController.swift in Sources */ = {isa = PBXBuildFile; fileRef = E5A92F752CF72E830019C6DB /* ViewController.swift */; };
		E5A92F792CF72E830019C6DB /* Base in Resources */ = {isa = PBXBuildFile; fileRef = E5A92F782CF72E830019C6DB /* Base */; };
		E5A92F7B2CF72E840019C6DB /* Assets.xcassets in Resources */ = {isa = PBXBuildFile; fileRef = E5A92F7A2CF72E840019C6DB /* Assets.xcassets */; };
		E5A92F7E2CF72E840019C6DB /* Base in Resources */ = {isa = PBXBuildFile; fileRef = E5A92F7D2CF72E840019C6DB /* Base */; };
		E5A92F842CF731190019C6DB /* VerticalProgressBar.swift in Sources */ = {isa = PBXBuildFile; fileRef = E5A92F832CF731190019C6DB /* VerticalProgressBar.swift */; };
/* End PBXBuildFile section */

/* Begin PBXFileReference section */
		285110395FAA2893B3DCD954 /* Pods-RealmSampleApp.debug.xcconfig */ = {isa = PBXFileReference; includeInIndex = 1; lastKnownFileType = text.xcconfig; name = "Pods-RealmSampleApp.debug.xcconfig"; path = "Target Support Files/Pods-RealmSampleApp/Pods-RealmSampleApp.debug.xcconfig"; sourceTree = "<group>"; };
		4BAAEC7FB742693F88A9F5C4 /* Pods_RealmSampleApp.framework */ = {isa = PBXFileReference; explicitFileType = wrapper.framework; includeInIndex = 0; path = Pods_RealmSampleApp.framework; sourceTree = BUILT_PRODUCTS_DIR; };
		E54B7D792CFA040A0073D850 /* RealmSampleApp.app */ = {isa = PBXFileReference; explicitFileType = wrapper.application; includeInIndex = 0; path = RealmSampleApp.app; sourceTree = BUILT_PRODUCTS_DIR; };
		E54B7D7B2CFA040A0073D850 /* AppDelegate.swift */ = {isa = PBXFileReference; lastKnownFileType = sourcecode.swift; path = AppDelegate.swift; sourceTree = "<group>"; };
		E54B7D7D2CFA040A0073D850 /* SceneDelegate.swift */ = {isa = PBXFileReference; lastKnownFileType = sourcecode.swift; path = SceneDelegate.swift; sourceTree = "<group>"; };
		E54B7D7F2CFA040A0073D850 /* ViewController.swift */ = {isa = PBXFileReference; lastKnownFileType = sourcecode.swift; path = ViewController.swift; sourceTree = "<group>"; };
		E54B7D822CFA040A0073D850 /* Base */ = {isa = PBXFileReference; lastKnownFileType = file.storyboard; name = Base; path = Base.lproj/Main.storyboard; sourceTree = "<group>"; };
		E54B7D842CFA040B0073D850 /* Assets.xcassets */ = {isa = PBXFileReference; lastKnownFileType = folder.assetcatalog; path = Assets.xcassets; sourceTree = "<group>"; };
		E54B7D872CFA040B0073D850 /* Base */ = {isa = PBXFileReference; lastKnownFileType = file.storyboard; name = Base; path = Base.lproj/LaunchScreen.storyboard; sourceTree = "<group>"; };
		E54B7D892CFA040B0073D850 /* Info.plist */ = {isa = PBXFileReference; lastKnownFileType = text.plist.xml; path = Info.plist; sourceTree = "<group>"; };
		E54B7D8D2CFA04460073D850 /* Podfile */ = {isa = PBXFileReference; lastKnownFileType = text; path = Podfile; sourceTree = "<group>"; xcLanguageSpecificationIdentifier = xcode.lang.ruby; };
		E55B84682CF6D35F00B110F3 /* AlcoholFormSampleApp.app */ = {isa = PBXFileReference; explicitFileType = wrapper.application; includeInIndex = 0; path = AlcoholFormSampleApp.app; sourceTree = BUILT_PRODUCTS_DIR; };
		E55B846A2CF6D35F00B110F3 /* AppDelegate.swift */ = {isa = PBXFileReference; lastKnownFileType = sourcecode.swift; path = AppDelegate.swift; sourceTree = "<group>"; };
		E55B846C2CF6D35F00B110F3 /* SceneDelegate.swift */ = {isa = PBXFileReference; lastKnownFileType = sourcecode.swift; path = SceneDelegate.swift; sourceTree = "<group>"; };
		E55B846E2CF6D35F00B110F3 /* ViewController.swift */ = {isa = PBXFileReference; lastKnownFileType = sourcecode.swift; path = ViewController.swift; sourceTree = "<group>"; };
		E55B84712CF6D35F00B110F3 /* Base */ = {isa = PBXFileReference; lastKnownFileType = file.storyboard; name = Base; path = Base.lproj/Main.storyboard; sourceTree = "<group>"; };
		E55B84732CF6D36000B110F3 /* Assets.xcassets */ = {isa = PBXFileReference; lastKnownFileType = folder.assetcatalog; path = Assets.xcassets; sourceTree = "<group>"; };
		E55B84762CF6D36000B110F3 /* Base */ = {isa = PBXFileReference; lastKnownFileType = file.storyboard; name = Base; path = Base.lproj/LaunchScreen.storyboard; sourceTree = "<group>"; };
		E55B84782CF6D36000B110F3 /* Info.plist */ = {isa = PBXFileReference; lastKnownFileType = text.plist.xml; path = Info.plist; sourceTree = "<group>"; };
		E55B847C2CF6D3CF00B110F3 /* FormViewController.swift */ = {isa = PBXFileReference; lastKnownFileType = sourcecode.swift; path = FormViewController.swift; sourceTree = "<group>"; };
		E55B847E2CF6D3E000B110F3 /* AlcoholSelectionView.swift */ = {isa = PBXFileReference; lastKnownFileType = sourcecode.swift; path = AlcoholSelectionView.swift; sourceTree = "<group>"; };
		E5627BC42CF4BEDB00C4DD5A /* CalenderSampleApp.app */ = {isa = PBXFileReference; explicitFileType = wrapper.application; includeInIndex = 0; path = CalenderSampleApp.app; sourceTree = BUILT_PRODUCTS_DIR; };
		E5627BC62CF4BEDB00C4DD5A /* AppDelegate.swift */ = {isa = PBXFileReference; lastKnownFileType = sourcecode.swift; path = AppDelegate.swift; sourceTree = "<group>"; };
		E5627BC82CF4BEDB00C4DD5A /* SceneDelegate.swift */ = {isa = PBXFileReference; lastKnownFileType = sourcecode.swift; path = SceneDelegate.swift; sourceTree = "<group>"; };
		E5627BCA2CF4BEDB00C4DD5A /* CalendarMonthViewController.swift */ = {isa = PBXFileReference; lastKnownFileType = sourcecode.swift; path = CalendarMonthViewController.swift; sourceTree = "<group>"; };
		E5627BCD2CF4BEDB00C4DD5A /* Base */ = {isa = PBXFileReference; lastKnownFileType = file.storyboard; name = Base; path = Base.lproj/Main.storyboard; sourceTree = "<group>"; };
		E5627BCF2CF4BEDB00C4DD5A /* Assets.xcassets */ = {isa = PBXFileReference; lastKnownFileType = folder.assetcatalog; path = Assets.xcassets; sourceTree = "<group>"; };
		E5627BD22CF4BEDB00C4DD5A /* Base */ = {isa = PBXFileReference; lastKnownFileType = file.storyboard; name = Base; path = Base.lproj/LaunchScreen.storyboard; sourceTree = "<group>"; };
		E5627BD42CF4BEDB00C4DD5A /* Info.plist */ = {isa = PBXFileReference; lastKnownFileType = text.plist.xml; path = Info.plist; sourceTree = "<group>"; };
		E5627BD82CF4BF2800C4DD5A /* CalendarPageViewController.swift */ = {isa = PBXFileReference; lastKnownFileType = sourcecode.swift; path = CalendarPageViewController.swift; sourceTree = "<group>"; };
		E5627BDA2CF4BF3600C4DD5A /* CustomCalendarCell.swift */ = {isa = PBXFileReference; lastKnownFileType = sourcecode.swift; path = CustomCalendarCell.swift; sourceTree = "<group>"; };
		E588FE772CF94102002F03CB /* EmotionFormSampleApp.app */ = {isa = PBXFileReference; explicitFileType = wrapper.application; includeInIndex = 0; path = EmotionFormSampleApp.app; sourceTree = BUILT_PRODUCTS_DIR; };
		E588FE792CF94102002F03CB /* AppDelegate.swift */ = {isa = PBXFileReference; lastKnownFileType = sourcecode.swift; path = AppDelegate.swift; sourceTree = "<group>"; };
		E588FE7B2CF94102002F03CB /* SceneDelegate.swift */ = {isa = PBXFileReference; lastKnownFileType = sourcecode.swift; path = SceneDelegate.swift; sourceTree = "<group>"; };
		E588FE7D2CF94102002F03CB /* ViewController.swift */ = {isa = PBXFileReference; lastKnownFileType = sourcecode.swift; path = ViewController.swift; sourceTree = "<group>"; };
		E588FE802CF94102002F03CB /* Base */ = {isa = PBXFileReference; lastKnownFileType = file.storyboard; name = Base; path = Base.lproj/Main.storyboard; sourceTree = "<group>"; };
		E588FE822CF94102002F03CB /* Assets.xcassets */ = {isa = PBXFileReference; lastKnownFileType = folder.assetcatalog; path = Assets.xcassets; sourceTree = "<group>"; };
		E588FE852CF94102002F03CB /* Base */ = {isa = PBXFileReference; lastKnownFileType = file.storyboard; name = Base; path = Base.lproj/LaunchScreen.storyboard; sourceTree = "<group>"; };
		E588FE872CF94102002F03CB /* Info.plist */ = {isa = PBXFileReference; lastKnownFileType = text.plist.xml; path = Info.plist; sourceTree = "<group>"; };
		E588FE8B2CF9442B002F03CB /* CircleButtonView.swift */ = {isa = PBXFileReference; lastKnownFileType = sourcecode.swift; path = CircleButtonView.swift; sourceTree = "<group>"; };
		E5A92F6F2CF72E830019C6DB /* AlcoholMeterSampleApp.app */ = {isa = PBXFileReference; explicitFileType = wrapper.application; includeInIndex = 0; path = AlcoholMeterSampleApp.app; sourceTree = BUILT_PRODUCTS_DIR; };
		E5A92F712CF72E830019C6DB /* AppDelegate.swift */ = {isa = PBXFileReference; lastKnownFileType = sourcecode.swift; path = AppDelegate.swift; sourceTree = "<group>"; };
		E5A92F732CF72E830019C6DB /* SceneDelegate.swift */ = {isa = PBXFileReference; lastKnownFileType = sourcecode.swift; path = SceneDelegate.swift; sourceTree = "<group>"; };
		E5A92F752CF72E830019C6DB /* ViewController.swift */ = {isa = PBXFileReference; lastKnownFileType = sourcecode.swift; path = ViewController.swift; sourceTree = "<group>"; };
		E5A92F782CF72E830019C6DB /* Base */ = {isa = PBXFileReference; lastKnownFileType = file.storyboard; name = Base; path = Base.lproj/Main.storyboard; sourceTree = "<group>"; };
		E5A92F7A2CF72E840019C6DB /* Assets.xcassets */ = {isa = PBXFileReference; lastKnownFileType = folder.assetcatalog; path = Assets.xcassets; sourceTree = "<group>"; };
		E5A92F7D2CF72E840019C6DB /* Base */ = {isa = PBXFileReference; lastKnownFileType = file.storyboard; name = Base; path = Base.lproj/LaunchScreen.storyboard; sourceTree = "<group>"; };
		E5A92F7F2CF72E840019C6DB /* Info.plist */ = {isa = PBXFileReference; lastKnownFileType = text.plist.xml; path = Info.plist; sourceTree = "<group>"; };
		E5A92F832CF731190019C6DB /* VerticalProgressBar.swift */ = {isa = PBXFileReference; lastKnownFileType = sourcecode.swift; path = VerticalProgressBar.swift; sourceTree = "<group>"; };
		EBD7C91A3042BC9EDEA9A00B /* Pods-RealmSampleApp.release.xcconfig */ = {isa = PBXFileReference; includeInIndex = 1; lastKnownFileType = text.xcconfig; name = "Pods-RealmSampleApp.release.xcconfig"; path = "Target Support Files/Pods-RealmSampleApp/Pods-RealmSampleApp.release.xcconfig"; sourceTree = "<group>"; };
/* End PBXFileReference section */

/* Begin PBXFrameworksBuildPhase section */
		E54B7D762CFA040A0073D850 /* Frameworks */ = {
			isa = PBXFrameworksBuildPhase;
			buildActionMask = 2147483647;
			files = (
				6853169B9E2985145C5EC01E /* Pods_RealmSampleApp.framework in Frameworks */,
			);
			runOnlyForDeploymentPostprocessing = 0;
		};
		E55B84652CF6D35F00B110F3 /* Frameworks */ = {
			isa = PBXFrameworksBuildPhase;
			buildActionMask = 2147483647;
			files = (
			);
			runOnlyForDeploymentPostprocessing = 0;
		};
		E5627BC12CF4BEDB00C4DD5A /* Frameworks */ = {
			isa = PBXFrameworksBuildPhase;
			buildActionMask = 2147483647;
			files = (
			);
			runOnlyForDeploymentPostprocessing = 0;
		};
		E588FE742CF94102002F03CB /* Frameworks */ = {
			isa = PBXFrameworksBuildPhase;
			buildActionMask = 2147483647;
			files = (
			);
			runOnlyForDeploymentPostprocessing = 0;
		};
		E5A92F6C2CF72E830019C6DB /* Frameworks */ = {
			isa = PBXFrameworksBuildPhase;
			buildActionMask = 2147483647;
			files = (
			);
			runOnlyForDeploymentPostprocessing = 0;
		};
/* End PBXFrameworksBuildPhase section */

/* Begin PBXGroup section */
		67C1EFEFDD55ABAD8FD7DCA5 /* Pods */ = {
			isa = PBXGroup;
			children = (
				285110395FAA2893B3DCD954 /* Pods-RealmSampleApp.debug.xcconfig */,
				EBD7C91A3042BC9EDEA9A00B /* Pods-RealmSampleApp.release.xcconfig */,
			);
			path = Pods;
			sourceTree = "<group>";
		};
		70204D4850DE02C5473FD854 /* Frameworks */ = {
			isa = PBXGroup;
			children = (
				4BAAEC7FB742693F88A9F5C4 /* Pods_RealmSampleApp.framework */,
			);
			name = Frameworks;
			sourceTree = "<group>";
		};
		E54B7D7A2CFA040A0073D850 /* RealmSampleApp */ = {
			isa = PBXGroup;
			children = (
				E54B7D7B2CFA040A0073D850 /* AppDelegate.swift */,
				E54B7D7D2CFA040A0073D850 /* SceneDelegate.swift */,
				E54B7D7F2CFA040A0073D850 /* ViewController.swift */,
				E54B7D812CFA040A0073D850 /* Main.storyboard */,
				E54B7D842CFA040B0073D850 /* Assets.xcassets */,
				E54B7D862CFA040B0073D850 /* LaunchScreen.storyboard */,
				E54B7D892CFA040B0073D850 /* Info.plist */,
			);
			path = RealmSampleApp;
			sourceTree = "<group>";
		};
		E55B84692CF6D35F00B110F3 /* AlcoholFormSampleApp */ = {
			isa = PBXGroup;
			children = (
				E55B846A2CF6D35F00B110F3 /* AppDelegate.swift */,
				E55B846C2CF6D35F00B110F3 /* SceneDelegate.swift */,
				E55B846E2CF6D35F00B110F3 /* ViewController.swift */,
				E55B847C2CF6D3CF00B110F3 /* FormViewController.swift */,
				E55B847E2CF6D3E000B110F3 /* AlcoholSelectionView.swift */,
				E55B84702CF6D35F00B110F3 /* Main.storyboard */,
				E55B84732CF6D36000B110F3 /* Assets.xcassets */,
				E55B84752CF6D36000B110F3 /* LaunchScreen.storyboard */,
				E55B84782CF6D36000B110F3 /* Info.plist */,
			);
			path = AlcoholFormSampleApp;
			sourceTree = "<group>";
		};
		E5627BA02CF4BEB800C4DD5A = {
			isa = PBXGroup;
			children = (
				E54B7D8D2CFA04460073D850 /* Podfile */,
				E5627BC52CF4BEDB00C4DD5A /* CalenderSampleApp */,
				E55B84692CF6D35F00B110F3 /* AlcoholFormSampleApp */,
				E5A92F702CF72E830019C6DB /* AlcoholMeterSampleApp */,
				E588FE782CF94102002F03CB /* EmotionFormSampleApp */,
				E54B7D7A2CFA040A0073D850 /* RealmSampleApp */,
				E5627BAA2CF4BEB800C4DD5A /* Products */,
				67C1EFEFDD55ABAD8FD7DCA5 /* Pods */,
				70204D4850DE02C5473FD854 /* Frameworks */,
			);
			sourceTree = "<group>";
		};
		E5627BAA2CF4BEB800C4DD5A /* Products */ = {
			isa = PBXGroup;
			children = (
				E5627BC42CF4BEDB00C4DD5A /* CalenderSampleApp.app */,
				E55B84682CF6D35F00B110F3 /* AlcoholFormSampleApp.app */,
				E5A92F6F2CF72E830019C6DB /* AlcoholMeterSampleApp.app */,
				E588FE772CF94102002F03CB /* EmotionFormSampleApp.app */,
				E54B7D792CFA040A0073D850 /* RealmSampleApp.app */,
			);
			name = Products;
			sourceTree = "<group>";
		};
		E5627BC52CF4BEDB00C4DD5A /* CalenderSampleApp */ = {
			isa = PBXGroup;
			children = (
				E5627BC62CF4BEDB00C4DD5A /* AppDelegate.swift */,
				E5627BC82CF4BEDB00C4DD5A /* SceneDelegate.swift */,
				E5627BCA2CF4BEDB00C4DD5A /* CalendarMonthViewController.swift */,
				E5627BD82CF4BF2800C4DD5A /* CalendarPageViewController.swift */,
				E5627BDA2CF4BF3600C4DD5A /* CustomCalendarCell.swift */,
				E5627BCC2CF4BEDB00C4DD5A /* Main.storyboard */,
				E5627BCF2CF4BEDB00C4DD5A /* Assets.xcassets */,
				E5627BD12CF4BEDB00C4DD5A /* LaunchScreen.storyboard */,
				E5627BD42CF4BEDB00C4DD5A /* Info.plist */,
			);
			path = CalenderSampleApp;
			sourceTree = "<group>";
		};
		E588FE782CF94102002F03CB /* EmotionFormSampleApp */ = {
			isa = PBXGroup;
			children = (
				E588FE792CF94102002F03CB /* AppDelegate.swift */,
				E588FE7B2CF94102002F03CB /* SceneDelegate.swift */,
				E588FE7D2CF94102002F03CB /* ViewController.swift */,
				E588FE8B2CF9442B002F03CB /* CircleButtonView.swift */,
				E588FE7F2CF94102002F03CB /* Main.storyboard */,
				E588FE822CF94102002F03CB /* Assets.xcassets */,
				E588FE842CF94102002F03CB /* LaunchScreen.storyboard */,
				E588FE872CF94102002F03CB /* Info.plist */,
			);
			path = EmotionFormSampleApp;
			sourceTree = "<group>";
		};
		E5A92F702CF72E830019C6DB /* AlcoholMeterSampleApp */ = {
			isa = PBXGroup;
			children = (
				E5A92F712CF72E830019C6DB /* AppDelegate.swift */,
				E5A92F732CF72E830019C6DB /* SceneDelegate.swift */,
				E5A92F752CF72E830019C6DB /* ViewController.swift */,
				E5A92F832CF731190019C6DB /* VerticalProgressBar.swift */,
				E5A92F772CF72E830019C6DB /* Main.storyboard */,
				E5A92F7A2CF72E840019C6DB /* Assets.xcassets */,
				E5A92F7C2CF72E840019C6DB /* LaunchScreen.storyboard */,
				E5A92F7F2CF72E840019C6DB /* Info.plist */,
			);
			path = AlcoholMeterSampleApp;
			sourceTree = "<group>";
		};
/* End PBXGroup section */

/* Begin PBXNativeTarget section */
		E54B7D782CFA040A0073D850 /* RealmSampleApp */ = {
			isa = PBXNativeTarget;
			buildConfigurationList = E54B7D8C2CFA040B0073D850 /* Build configuration list for PBXNativeTarget "RealmSampleApp" */;
			buildPhases = (
				F1FDBFCE48615D4402735F79 /* [CP] Check Pods Manifest.lock */,
				E54B7D752CFA040A0073D850 /* Sources */,
				E54B7D762CFA040A0073D850 /* Frameworks */,
				E54B7D772CFA040A0073D850 /* Resources */,
				53E08A9CFD93CB0261581E1F /* [CP] Embed Pods Frameworks */,
			);
			buildRules = (
			);
			dependencies = (
			);
			name = RealmSampleApp;
			productName = RealmSampleApp;
			productReference = E54B7D792CFA040A0073D850 /* RealmSampleApp.app */;
			productType = "com.apple.product-type.application";
		};
		E55B84672CF6D35F00B110F3 /* AlcoholFormSampleApp */ = {
			isa = PBXNativeTarget;
			buildConfigurationList = E55B847B2CF6D36000B110F3 /* Build configuration list for PBXNativeTarget "AlcoholFormSampleApp" */;
			buildPhases = (
				E55B84642CF6D35F00B110F3 /* Sources */,
				E55B84652CF6D35F00B110F3 /* Frameworks */,
				E55B84662CF6D35F00B110F3 /* Resources */,
			);
			buildRules = (
			);
			dependencies = (
			);
			name = AlcoholFormSampleApp;
			productName = AlcoholFormSampleApp;
			productReference = E55B84682CF6D35F00B110F3 /* AlcoholFormSampleApp.app */;
			productType = "com.apple.product-type.application";
		};
		E5627BC32CF4BEDB00C4DD5A /* CalenderSampleApp */ = {
			isa = PBXNativeTarget;
			buildConfigurationList = E5627BD52CF4BEDB00C4DD5A /* Build configuration list for PBXNativeTarget "CalenderSampleApp" */;
			buildPhases = (
				E5627BC02CF4BEDB00C4DD5A /* Sources */,
				E5627BC12CF4BEDB00C4DD5A /* Frameworks */,
				E5627BC22CF4BEDB00C4DD5A /* Resources */,
			);
			buildRules = (
			);
			dependencies = (
			);
			name = CalenderSampleApp;
			productName = CalenderSampleApp;
			productReference = E5627BC42CF4BEDB00C4DD5A /* CalenderSampleApp.app */;
			productType = "com.apple.product-type.application";
		};
		E588FE762CF94102002F03CB /* EmotionFormSampleApp */ = {
			isa = PBXNativeTarget;
			buildConfigurationList = E588FE8A2CF94102002F03CB /* Build configuration list for PBXNativeTarget "EmotionFormSampleApp" */;
			buildPhases = (
				E588FE732CF94102002F03CB /* Sources */,
				E588FE742CF94102002F03CB /* Frameworks */,
				E588FE752CF94102002F03CB /* Resources */,
			);
			buildRules = (
			);
			dependencies = (
			);
			name = EmotionFormSampleApp;
			productName = EmotionFormSampleApp;
			productReference = E588FE772CF94102002F03CB /* EmotionFormSampleApp.app */;
			productType = "com.apple.product-type.application";
		};
		E5A92F6E2CF72E830019C6DB /* AlcoholMeterSampleApp */ = {
			isa = PBXNativeTarget;
			buildConfigurationList = E5A92F822CF72E840019C6DB /* Build configuration list for PBXNativeTarget "AlcoholMeterSampleApp" */;
			buildPhases = (
				E5A92F6B2CF72E830019C6DB /* Sources */,
				E5A92F6C2CF72E830019C6DB /* Frameworks */,
				E5A92F6D2CF72E830019C6DB /* Resources */,
			);
			buildRules = (
			);
			dependencies = (
			);
			name = AlcoholMeterSampleApp;
			productName = AlcoholMeterSampleApp;
			productReference = E5A92F6F2CF72E830019C6DB /* AlcoholMeterSampleApp.app */;
			productType = "com.apple.product-type.application";
		};
/* End PBXNativeTarget section */

/* Begin PBXProject section */
		E5627BA12CF4BEB800C4DD5A /* Project object */ = {
			isa = PBXProject;
			attributes = {
				BuildIndependentTargetsInParallel = 1;
				LastSwiftUpdateCheck = 1540;
				LastUpgradeCheck = 1540;
				TargetAttributes = {
					E54B7D782CFA040A0073D850 = {
						CreatedOnToolsVersion = 15.4;
					};
					E55B84672CF6D35F00B110F3 = {
						CreatedOnToolsVersion = 15.4;
					};
					E5627BC32CF4BEDB00C4DD5A = {
						CreatedOnToolsVersion = 15.4;
					};
					E588FE762CF94102002F03CB = {
						CreatedOnToolsVersion = 15.4;
					};
					E5A92F6E2CF72E830019C6DB = {
						CreatedOnToolsVersion = 15.4;
					};
				};
			};
			buildConfigurationList = E5627BA42CF4BEB800C4DD5A /* Build configuration list for PBXProject "ios_sample_dansyu" */;
			compatibilityVersion = "Xcode 14.0";
			developmentRegion = en;
			hasScannedForEncodings = 0;
			knownRegions = (
				en,
				Base,
			);
			mainGroup = E5627BA02CF4BEB800C4DD5A;
			productRefGroup = E5627BAA2CF4BEB800C4DD5A /* Products */;
			projectDirPath = "";
			projectRoot = "";
			targets = (
				E5627BC32CF4BEDB00C4DD5A /* CalenderSampleApp */,
				E55B84672CF6D35F00B110F3 /* AlcoholFormSampleApp */,
				E5A92F6E2CF72E830019C6DB /* AlcoholMeterSampleApp */,
				E588FE762CF94102002F03CB /* EmotionFormSampleApp */,
				E54B7D782CFA040A0073D850 /* RealmSampleApp */,
			);
		};
/* End PBXProject section */

/* Begin PBXResourcesBuildPhase section */
		E54B7D772CFA040A0073D850 /* Resources */ = {
			isa = PBXResourcesBuildPhase;
			buildActionMask = 2147483647;
			files = (
				E54B7D852CFA040B0073D850 /* Assets.xcassets in Resources */,
				E54B7D882CFA040B0073D850 /* Base in Resources */,
				E54B7D832CFA040A0073D850 /* Base in Resources */,
			);
			runOnlyForDeploymentPostprocessing = 0;
		};
		E55B84662CF6D35F00B110F3 /* Resources */ = {
			isa = PBXResourcesBuildPhase;
			buildActionMask = 2147483647;
			files = (
				E55B84742CF6D36000B110F3 /* Assets.xcassets in Resources */,
				E55B84772CF6D36000B110F3 /* Base in Resources */,
				E55B84722CF6D35F00B110F3 /* Base in Resources */,
			);
			runOnlyForDeploymentPostprocessing = 0;
		};
		E5627BC22CF4BEDB00C4DD5A /* Resources */ = {
			isa = PBXResourcesBuildPhase;
			buildActionMask = 2147483647;
			files = (
				E5627BD02CF4BEDB00C4DD5A /* Assets.xcassets in Resources */,
				E5627BD32CF4BEDB00C4DD5A /* Base in Resources */,
				E54B7D8E2CFA04460073D850 /* Podfile in Resources */,
				E5627BCE2CF4BEDB00C4DD5A /* Base in Resources */,
			);
			runOnlyForDeploymentPostprocessing = 0;
		};
		E588FE752CF94102002F03CB /* Resources */ = {
			isa = PBXResourcesBuildPhase;
			buildActionMask = 2147483647;
			files = (
				E588FE832CF94102002F03CB /* Assets.xcassets in Resources */,
				E588FE862CF94102002F03CB /* Base in Resources */,
				E588FE812CF94102002F03CB /* Base in Resources */,
			);
			runOnlyForDeploymentPostprocessing = 0;
		};
		E5A92F6D2CF72E830019C6DB /* Resources */ = {
			isa = PBXResourcesBuildPhase;
			buildActionMask = 2147483647;
			files = (
				E5A92F7B2CF72E840019C6DB /* Assets.xcassets in Resources */,
				E5A92F7E2CF72E840019C6DB /* Base in Resources */,
				E5A92F792CF72E830019C6DB /* Base in Resources */,
			);
			runOnlyForDeploymentPostprocessing = 0;
		};
/* End PBXResourcesBuildPhase section */

/* Begin PBXShellScriptBuildPhase section */
		53E08A9CFD93CB0261581E1F /* [CP] Embed Pods Frameworks */ = {
			isa = PBXShellScriptBuildPhase;
			buildActionMask = 2147483647;
			files = (
			);
			inputFileListPaths = (
				"${PODS_ROOT}/Target Support Files/Pods-RealmSampleApp/Pods-RealmSampleApp-frameworks-${CONFIGURATION}-input-files.xcfilelist",
			);
			name = "[CP] Embed Pods Frameworks";
			outputFileListPaths = (
				"${PODS_ROOT}/Target Support Files/Pods-RealmSampleApp/Pods-RealmSampleApp-frameworks-${CONFIGURATION}-output-files.xcfilelist",
			);
			runOnlyForDeploymentPostprocessing = 0;
			shellPath = /bin/sh;
			shellScript = "\"${PODS_ROOT}/Target Support Files/Pods-RealmSampleApp/Pods-RealmSampleApp-frameworks.sh\"\n";
			showEnvVarsInLog = 0;
		};
		F1FDBFCE48615D4402735F79 /* [CP] Check Pods Manifest.lock */ = {
			isa = PBXShellScriptBuildPhase;
			buildActionMask = 2147483647;
			files = (
			);
			inputFileListPaths = (
			);
			inputPaths = (
				"${PODS_PODFILE_DIR_PATH}/Podfile.lock",
				"${PODS_ROOT}/Manifest.lock",
			);
			name = "[CP] Check Pods Manifest.lock";
			outputFileListPaths = (
			);
			outputPaths = (
				"$(DERIVED_FILE_DIR)/Pods-RealmSampleApp-checkManifestLockResult.txt",
			);
			runOnlyForDeploymentPostprocessing = 0;
			shellPath = /bin/sh;
			shellScript = "diff \"${PODS_PODFILE_DIR_PATH}/Podfile.lock\" \"${PODS_ROOT}/Manifest.lock\" > /dev/null\nif [ $? != 0 ] ; then\n    # print error to STDERR\n    echo \"error: The sandbox is not in sync with the Podfile.lock. Run 'pod install' or update your CocoaPods installation.\" >&2\n    exit 1\nfi\n# This output is used by Xcode 'outputs' to avoid re-running this script phase.\necho \"SUCCESS\" > \"${SCRIPT_OUTPUT_FILE_0}\"\n";
			showEnvVarsInLog = 0;
		};
/* End PBXShellScriptBuildPhase section */

/* Begin PBXSourcesBuildPhase section */
		E54B7D752CFA040A0073D850 /* Sources */ = {
			isa = PBXSourcesBuildPhase;
			buildActionMask = 2147483647;
			files = (
				E54B7D802CFA040A0073D850 /* ViewController.swift in Sources */,
				E54B7D7C2CFA040A0073D850 /* AppDelegate.swift in Sources */,
				E54B7D7E2CFA040A0073D850 /* SceneDelegate.swift in Sources */,
			);
			runOnlyForDeploymentPostprocessing = 0;
		};
		E55B84642CF6D35F00B110F3 /* Sources */ = {
			isa = PBXSourcesBuildPhase;
			buildActionMask = 2147483647;
			files = (
				E55B846F2CF6D35F00B110F3 /* ViewController.swift in Sources */,
				E55B847F2CF6D3E000B110F3 /* AlcoholSelectionView.swift in Sources */,
				E55B846B2CF6D35F00B110F3 /* AppDelegate.swift in Sources */,
				E55B847D2CF6D3CF00B110F3 /* FormViewController.swift in Sources */,
				E55B846D2CF6D35F00B110F3 /* SceneDelegate.swift in Sources */,
			);
			runOnlyForDeploymentPostprocessing = 0;
		};
		E5627BC02CF4BEDB00C4DD5A /* Sources */ = {
			isa = PBXSourcesBuildPhase;
			buildActionMask = 2147483647;
			files = (
				E5627BDB2CF4BF3600C4DD5A /* CustomCalendarCell.swift in Sources */,
				E5627BCB2CF4BEDB00C4DD5A /* CalendarMonthViewController.swift in Sources */,
				E5627BC72CF4BEDB00C4DD5A /* AppDelegate.swift in Sources */,
				E5627BD92CF4BF2800C4DD5A /* CalendarPageViewController.swift in Sources */,
				E5627BC92CF4BEDB00C4DD5A /* SceneDelegate.swift in Sources */,
			);
			runOnlyForDeploymentPostprocessing = 0;
		};
		E588FE732CF94102002F03CB /* Sources */ = {
			isa = PBXSourcesBuildPhase;
			buildActionMask = 2147483647;
			files = (
				E588FE7E2CF94102002F03CB /* ViewController.swift in Sources */,
				E588FE7A2CF94102002F03CB /* AppDelegate.swift in Sources */,
				E588FE8C2CF9442B002F03CB /* CircleButtonView.swift in Sources */,
				E588FE7C2CF94102002F03CB /* SceneDelegate.swift in Sources */,
			);
			runOnlyForDeploymentPostprocessing = 0;
		};
		E5A92F6B2CF72E830019C6DB /* Sources */ = {
			isa = PBXSourcesBuildPhase;
			buildActionMask = 2147483647;
			files = (
				E5A92F842CF731190019C6DB /* VerticalProgressBar.swift in Sources */,
				E5A92F762CF72E830019C6DB /* ViewController.swift in Sources */,
				E5A92F722CF72E830019C6DB /* AppDelegate.swift in Sources */,
				E5A92F742CF72E830019C6DB /* SceneDelegate.swift in Sources */,
			);
			runOnlyForDeploymentPostprocessing = 0;
		};
/* End PBXSourcesBuildPhase section */

/* Begin PBXVariantGroup section */
		E54B7D812CFA040A0073D850 /* Main.storyboard */ = {
			isa = PBXVariantGroup;
			children = (
				E54B7D822CFA040A0073D850 /* Base */,
			);
			name = Main.storyboard;
			sourceTree = "<group>";
		};
		E54B7D862CFA040B0073D850 /* LaunchScreen.storyboard */ = {
			isa = PBXVariantGroup;
			children = (
				E54B7D872CFA040B0073D850 /* Base */,
			);
			name = LaunchScreen.storyboard;
			sourceTree = "<group>";
		};
		E55B84702CF6D35F00B110F3 /* Main.storyboard */ = {
			isa = PBXVariantGroup;
			children = (
				E55B84712CF6D35F00B110F3 /* Base */,
			);
			name = Main.storyboard;
			sourceTree = "<group>";
		};
		E55B84752CF6D36000B110F3 /* LaunchScreen.storyboard */ = {
			isa = PBXVariantGroup;
			children = (
				E55B84762CF6D36000B110F3 /* Base */,
			);
			name = LaunchScreen.storyboard;
			sourceTree = "<group>";
		};
		E5627BCC2CF4BEDB00C4DD5A /* Main.storyboard */ = {
			isa = PBXVariantGroup;
			children = (
				E5627BCD2CF4BEDB00C4DD5A /* Base */,
			);
			name = Main.storyboard;
			sourceTree = "<group>";
		};
		E5627BD12CF4BEDB00C4DD5A /* LaunchScreen.storyboard */ = {
			isa = PBXVariantGroup;
			children = (
				E5627BD22CF4BEDB00C4DD5A /* Base */,
			);
			name = LaunchScreen.storyboard;
			sourceTree = "<group>";
		};
		E588FE7F2CF94102002F03CB /* Main.storyboard */ = {
			isa = PBXVariantGroup;
			children = (
				E588FE802CF94102002F03CB /* Base */,
			);
			name = Main.storyboard;
			sourceTree = "<group>";
		};
		E588FE842CF94102002F03CB /* LaunchScreen.storyboard */ = {
			isa = PBXVariantGroup;
			children = (
				E588FE852CF94102002F03CB /* Base */,
			);
			name = LaunchScreen.storyboard;
			sourceTree = "<group>";
		};
		E5A92F772CF72E830019C6DB /* Main.storyboard */ = {
			isa = PBXVariantGroup;
			children = (
				E5A92F782CF72E830019C6DB /* Base */,
			);
			name = Main.storyboard;
			sourceTree = "<group>";
		};
		E5A92F7C2CF72E840019C6DB /* LaunchScreen.storyboard */ = {
			isa = PBXVariantGroup;
			children = (
				E5A92F7D2CF72E840019C6DB /* Base */,
			);
			name = LaunchScreen.storyboard;
			sourceTree = "<group>";
		};
/* End PBXVariantGroup section */

/* Begin XCBuildConfiguration section */
		E54B7D8A2CFA040B0073D850 /* Debug */ = {
			isa = XCBuildConfiguration;
			baseConfigurationReference = 285110395FAA2893B3DCD954 /* Pods-RealmSampleApp.debug.xcconfig */;
			buildSettings = {
				ASSETCATALOG_COMPILER_APPICON_NAME = AppIcon;
				ASSETCATALOG_COMPILER_GLOBAL_ACCENT_COLOR_NAME = AccentColor;
				CODE_SIGN_STYLE = Automatic;
				CURRENT_PROJECT_VERSION = 1;
				DEVELOPMENT_TEAM = TNNPKNN4HZ;
				ENABLE_USER_SCRIPT_SANDBOXING = NO;
				GENERATE_INFOPLIST_FILE = YES;
				INFOPLIST_FILE = RealmSampleApp/Info.plist;
				INFOPLIST_KEY_UIApplicationSupportsIndirectInputEvents = YES;
				INFOPLIST_KEY_UILaunchStoryboardName = LaunchScreen;
				INFOPLIST_KEY_UIMainStoryboardFile = Main;
				INFOPLIST_KEY_UISupportedInterfaceOrientations_iPad = "UIInterfaceOrientationPortrait UIInterfaceOrientationPortraitUpsideDown UIInterfaceOrientationLandscapeLeft UIInterfaceOrientationLandscapeRight";
				INFOPLIST_KEY_UISupportedInterfaceOrientations_iPhone = "UIInterfaceOrientationPortrait UIInterfaceOrientationLandscapeLeft UIInterfaceOrientationLandscapeRight";
				IPHONEOS_DEPLOYMENT_TARGET = 13.0;
				LD_RUNPATH_SEARCH_PATHS = (
					"$(inherited)",
					"@executable_path/Frameworks",
				);
				MARKETING_VERSION = 1.0;
				PRODUCT_BUNDLE_IDENTIFIER = com.apppppp.RealmSampleApp;
				PRODUCT_NAME = "$(TARGET_NAME)";
				SWIFT_EMIT_LOC_STRINGS = YES;
				SWIFT_VERSION = 5.0;
				TARGETED_DEVICE_FAMILY = "1,2";
			};
			name = Debug;
		};
		E54B7D8B2CFA040B0073D850 /* Release */ = {
			isa = XCBuildConfiguration;
			baseConfigurationReference = EBD7C91A3042BC9EDEA9A00B /* Pods-RealmSampleApp.release.xcconfig */;
			buildSettings = {
				ASSETCATALOG_COMPILER_APPICON_NAME = AppIcon;
				ASSETCATALOG_COMPILER_GLOBAL_ACCENT_COLOR_NAME = AccentColor;
				CODE_SIGN_STYLE = Automatic;
				CURRENT_PROJECT_VERSION = 1;
				DEVELOPMENT_TEAM = TNNPKNN4HZ;
				ENABLE_USER_SCRIPT_SANDBOXING = NO;
				GENERATE_INFOPLIST_FILE = YES;
				INFOPLIST_FILE = RealmSampleApp/Info.plist;
				INFOPLIST_KEY_UIApplicationSupportsIndirectInputEvents = YES;
				INFOPLIST_KEY_UILaunchStoryboardName = LaunchScreen;
				INFOPLIST_KEY_UIMainStoryboardFile = Main;
				INFOPLIST_KEY_UISupportedInterfaceOrientations_iPad = "UIInterfaceOrientationPortrait UIInterfaceOrientationPortraitUpsideDown UIInterfaceOrientationLandscapeLeft UIInterfaceOrientationLandscapeRight";
				INFOPLIST_KEY_UISupportedInterfaceOrientations_iPhone = "UIInterfaceOrientationPortrait UIInterfaceOrientationLandscapeLeft UIInterfaceOrientationLandscapeRight";
				IPHONEOS_DEPLOYMENT_TARGET = 13.0;
				LD_RUNPATH_SEARCH_PATHS = (
					"$(inherited)",
					"@executable_path/Frameworks",
				);
				MARKETING_VERSION = 1.0;
				PRODUCT_BUNDLE_IDENTIFIER = com.apppppp.RealmSampleApp;
				PRODUCT_NAME = "$(TARGET_NAME)";
				SWIFT_EMIT_LOC_STRINGS = YES;
				SWIFT_VERSION = 5.0;
				TARGETED_DEVICE_FAMILY = "1,2";
			};
			name = Release;
		};
		E55B84792CF6D36000B110F3 /* Debug */ = {
			isa = XCBuildConfiguration;
			buildSettings = {
				ASSETCATALOG_COMPILER_APPICON_NAME = AppIcon;
				ASSETCATALOG_COMPILER_GLOBAL_ACCENT_COLOR_NAME = AccentColor;
				CODE_SIGN_STYLE = Automatic;
				CURRENT_PROJECT_VERSION = 1;
				DEVELOPMENT_TEAM = TNNPKNN4HZ;
				GENERATE_INFOPLIST_FILE = YES;
				INFOPLIST_FILE = AlcoholFormSampleApp/Info.plist;
				INFOPLIST_KEY_UIApplicationSupportsIndirectInputEvents = YES;
				INFOPLIST_KEY_UILaunchStoryboardName = LaunchScreen;
				INFOPLIST_KEY_UIMainStoryboardFile = Main;
				INFOPLIST_KEY_UISupportedInterfaceOrientations_iPad = "UIInterfaceOrientationPortrait UIInterfaceOrientationPortraitUpsideDown UIInterfaceOrientationLandscapeLeft UIInterfaceOrientationLandscapeRight";
				INFOPLIST_KEY_UISupportedInterfaceOrientations_iPhone = "UIInterfaceOrientationPortrait UIInterfaceOrientationLandscapeLeft UIInterfaceOrientationLandscapeRight";
				IPHONEOS_DEPLOYMENT_TARGET = 13.0;
				LD_RUNPATH_SEARCH_PATHS = (
					"$(inherited)",
					"@executable_path/Frameworks",
				);
				MARKETING_VERSION = 1.0;
				PRODUCT_BUNDLE_IDENTIFIER = com.apppppp.AlcoholFormSampleApp;
				PRODUCT_NAME = "$(TARGET_NAME)";
				SWIFT_EMIT_LOC_STRINGS = YES;
				SWIFT_VERSION = 5.0;
				TARGETED_DEVICE_FAMILY = "1,2";
			};
			name = Debug;
		};
		E55B847A2CF6D36000B110F3 /* Release */ = {
			isa = XCBuildConfiguration;
			buildSettings = {
				ASSETCATALOG_COMPILER_APPICON_NAME = AppIcon;
				ASSETCATALOG_COMPILER_GLOBAL_ACCENT_COLOR_NAME = AccentColor;
				CODE_SIGN_STYLE = Automatic;
				CURRENT_PROJECT_VERSION = 1;
				DEVELOPMENT_TEAM = TNNPKNN4HZ;
				GENERATE_INFOPLIST_FILE = YES;
				INFOPLIST_FILE = AlcoholFormSampleApp/Info.plist;
				INFOPLIST_KEY_UIApplicationSupportsIndirectInputEvents = YES;
				INFOPLIST_KEY_UILaunchStoryboardName = LaunchScreen;
				INFOPLIST_KEY_UIMainStoryboardFile = Main;
				INFOPLIST_KEY_UISupportedInterfaceOrientations_iPad = "UIInterfaceOrientationPortrait UIInterfaceOrientationPortraitUpsideDown UIInterfaceOrientationLandscapeLeft UIInterfaceOrientationLandscapeRight";
				INFOPLIST_KEY_UISupportedInterfaceOrientations_iPhone = "UIInterfaceOrientationPortrait UIInterfaceOrientationLandscapeLeft UIInterfaceOrientationLandscapeRight";
				IPHONEOS_DEPLOYMENT_TARGET = 13.0;
				LD_RUNPATH_SEARCH_PATHS = (
					"$(inherited)",
					"@executable_path/Frameworks",
				);
				MARKETING_VERSION = 1.0;
				PRODUCT_BUNDLE_IDENTIFIER = com.apppppp.AlcoholFormSampleApp;
				PRODUCT_NAME = "$(TARGET_NAME)";
				SWIFT_EMIT_LOC_STRINGS = YES;
				SWIFT_VERSION = 5.0;
				TARGETED_DEVICE_FAMILY = "1,2";
			};
			name = Release;
		};
		E5627BBB2CF4BEB900C4DD5A /* Debug */ = {
			isa = XCBuildConfiguration;
			buildSettings = {
				ALWAYS_SEARCH_USER_PATHS = NO;
				ASSETCATALOG_COMPILER_GENERATE_SWIFT_ASSET_SYMBOL_EXTENSIONS = YES;
				CLANG_ANALYZER_NONNULL = YES;
				CLANG_ANALYZER_NUMBER_OBJECT_CONVERSION = YES_AGGRESSIVE;
				CLANG_CXX_LANGUAGE_STANDARD = "gnu++20";
				CLANG_ENABLE_MODULES = YES;
				CLANG_ENABLE_OBJC_ARC = YES;
				CLANG_ENABLE_OBJC_WEAK = YES;
				CLANG_WARN_BLOCK_CAPTURE_AUTORELEASING = YES;
				CLANG_WARN_BOOL_CONVERSION = YES;
				CLANG_WARN_COMMA = YES;
				CLANG_WARN_CONSTANT_CONVERSION = YES;
				CLANG_WARN_DEPRECATED_OBJC_IMPLEMENTATIONS = YES;
				CLANG_WARN_DIRECT_OBJC_ISA_USAGE = YES_ERROR;
				CLANG_WARN_DOCUMENTATION_COMMENTS = YES;
				CLANG_WARN_EMPTY_BODY = YES;
				CLANG_WARN_ENUM_CONVERSION = YES;
				CLANG_WARN_INFINITE_RECURSION = YES;
				CLANG_WARN_INT_CONVERSION = YES;
				CLANG_WARN_NON_LITERAL_NULL_CONVERSION = YES;
				CLANG_WARN_OBJC_IMPLICIT_RETAIN_SELF = YES;
				CLANG_WARN_OBJC_LITERAL_CONVERSION = YES;
				CLANG_WARN_OBJC_ROOT_CLASS = YES_ERROR;
				CLANG_WARN_QUOTED_INCLUDE_IN_FRAMEWORK_HEADER = YES;
				CLANG_WARN_RANGE_LOOP_ANALYSIS = YES;
				CLANG_WARN_STRICT_PROTOTYPES = YES;
				CLANG_WARN_SUSPICIOUS_MOVE = YES;
				CLANG_WARN_UNGUARDED_AVAILABILITY = YES_AGGRESSIVE;
				CLANG_WARN_UNREACHABLE_CODE = YES;
				CLANG_WARN__DUPLICATE_METHOD_MATCH = YES;
				COPY_PHASE_STRIP = NO;
				DEBUG_INFORMATION_FORMAT = dwarf;
				ENABLE_STRICT_OBJC_MSGSEND = YES;
				ENABLE_TESTABILITY = YES;
				ENABLE_USER_SCRIPT_SANDBOXING = YES;
				GCC_C_LANGUAGE_STANDARD = gnu17;
				GCC_DYNAMIC_NO_PIC = NO;
				GCC_NO_COMMON_BLOCKS = YES;
				GCC_OPTIMIZATION_LEVEL = 0;
				GCC_PREPROCESSOR_DEFINITIONS = (
					"DEBUG=1",
					"$(inherited)",
				);
				GCC_WARN_64_TO_32_BIT_CONVERSION = YES;
				GCC_WARN_ABOUT_RETURN_TYPE = YES_ERROR;
				GCC_WARN_UNDECLARED_SELECTOR = YES;
				GCC_WARN_UNINITIALIZED_AUTOS = YES_AGGRESSIVE;
				GCC_WARN_UNUSED_FUNCTION = YES;
				GCC_WARN_UNUSED_VARIABLE = YES;
				IPHONEOS_DEPLOYMENT_TARGET = 17.5;
				LOCALIZATION_PREFERS_STRING_CATALOGS = YES;
				MTL_ENABLE_DEBUG_INFO = INCLUDE_SOURCE;
				MTL_FAST_MATH = YES;
				ONLY_ACTIVE_ARCH = YES;
				SDKROOT = iphoneos;
				SWIFT_ACTIVE_COMPILATION_CONDITIONS = "DEBUG $(inherited)";
				SWIFT_OPTIMIZATION_LEVEL = "-Onone";
			};
			name = Debug;
		};
		E5627BBC2CF4BEB900C4DD5A /* Release */ = {
			isa = XCBuildConfiguration;
			buildSettings = {
				ALWAYS_SEARCH_USER_PATHS = NO;
				ASSETCATALOG_COMPILER_GENERATE_SWIFT_ASSET_SYMBOL_EXTENSIONS = YES;
				CLANG_ANALYZER_NONNULL = YES;
				CLANG_ANALYZER_NUMBER_OBJECT_CONVERSION = YES_AGGRESSIVE;
				CLANG_CXX_LANGUAGE_STANDARD = "gnu++20";
				CLANG_ENABLE_MODULES = YES;
				CLANG_ENABLE_OBJC_ARC = YES;
				CLANG_ENABLE_OBJC_WEAK = YES;
				CLANG_WARN_BLOCK_CAPTURE_AUTORELEASING = YES;
				CLANG_WARN_BOOL_CONVERSION = YES;
				CLANG_WARN_COMMA = YES;
				CLANG_WARN_CONSTANT_CONVERSION = YES;
				CLANG_WARN_DEPRECATED_OBJC_IMPLEMENTATIONS = YES;
				CLANG_WARN_DIRECT_OBJC_ISA_USAGE = YES_ERROR;
				CLANG_WARN_DOCUMENTATION_COMMENTS = YES;
				CLANG_WARN_EMPTY_BODY = YES;
				CLANG_WARN_ENUM_CONVERSION = YES;
				CLANG_WARN_INFINITE_RECURSION = YES;
				CLANG_WARN_INT_CONVERSION = YES;
				CLANG_WARN_NON_LITERAL_NULL_CONVERSION = YES;
				CLANG_WARN_OBJC_IMPLICIT_RETAIN_SELF = YES;
				CLANG_WARN_OBJC_LITERAL_CONVERSION = YES;
				CLANG_WARN_OBJC_ROOT_CLASS = YES_ERROR;
				CLANG_WARN_QUOTED_INCLUDE_IN_FRAMEWORK_HEADER = YES;
				CLANG_WARN_RANGE_LOOP_ANALYSIS = YES;
				CLANG_WARN_STRICT_PROTOTYPES = YES;
				CLANG_WARN_SUSPICIOUS_MOVE = YES;
				CLANG_WARN_UNGUARDED_AVAILABILITY = YES_AGGRESSIVE;
				CLANG_WARN_UNREACHABLE_CODE = YES;
				CLANG_WARN__DUPLICATE_METHOD_MATCH = YES;
				COPY_PHASE_STRIP = NO;
				DEBUG_INFORMATION_FORMAT = "dwarf-with-dsym";
				ENABLE_NS_ASSERTIONS = NO;
				ENABLE_STRICT_OBJC_MSGSEND = YES;
				ENABLE_USER_SCRIPT_SANDBOXING = YES;
				GCC_C_LANGUAGE_STANDARD = gnu17;
				GCC_NO_COMMON_BLOCKS = YES;
				GCC_WARN_64_TO_32_BIT_CONVERSION = YES;
				GCC_WARN_ABOUT_RETURN_TYPE = YES_ERROR;
				GCC_WARN_UNDECLARED_SELECTOR = YES;
				GCC_WARN_UNINITIALIZED_AUTOS = YES_AGGRESSIVE;
				GCC_WARN_UNUSED_FUNCTION = YES;
				GCC_WARN_UNUSED_VARIABLE = YES;
				IPHONEOS_DEPLOYMENT_TARGET = 17.5;
				LOCALIZATION_PREFERS_STRING_CATALOGS = YES;
				MTL_ENABLE_DEBUG_INFO = NO;
				MTL_FAST_MATH = YES;
				SDKROOT = iphoneos;
				SWIFT_COMPILATION_MODE = wholemodule;
				VALIDATE_PRODUCT = YES;
			};
			name = Release;
		};
		E5627BD62CF4BEDB00C4DD5A /* Debug */ = {
			isa = XCBuildConfiguration;
			buildSettings = {
				ASSETCATALOG_COMPILER_APPICON_NAME = AppIcon;
				ASSETCATALOG_COMPILER_GLOBAL_ACCENT_COLOR_NAME = AccentColor;
				CODE_SIGN_STYLE = Automatic;
				CURRENT_PROJECT_VERSION = 1;
				DEVELOPMENT_TEAM = TNNPKNN4HZ;
				GENERATE_INFOPLIST_FILE = YES;
				INFOPLIST_FILE = CalenderSampleApp/Info.plist;
				INFOPLIST_KEY_UIApplicationSupportsIndirectInputEvents = YES;
				INFOPLIST_KEY_UILaunchStoryboardName = LaunchScreen;
				INFOPLIST_KEY_UIMainStoryboardFile = Main;
				INFOPLIST_KEY_UISupportedInterfaceOrientations_iPad = "UIInterfaceOrientationPortrait UIInterfaceOrientationPortraitUpsideDown UIInterfaceOrientationLandscapeLeft UIInterfaceOrientationLandscapeRight";
				INFOPLIST_KEY_UISupportedInterfaceOrientations_iPhone = "UIInterfaceOrientationPortrait UIInterfaceOrientationLandscapeLeft UIInterfaceOrientationLandscapeRight";
				IPHONEOS_DEPLOYMENT_TARGET = 13;
				LD_RUNPATH_SEARCH_PATHS = (
					"$(inherited)",
					"@executable_path/Frameworks",
				);
				MARKETING_VERSION = 1.0;
				PRODUCT_BUNDLE_IDENTIFIER = com.apppppp.CalenderSampleApp;
				PRODUCT_NAME = "$(TARGET_NAME)";
				SWIFT_EMIT_LOC_STRINGS = YES;
				SWIFT_VERSION = 5.0;
				TARGETED_DEVICE_FAMILY = "1,2";
			};
			name = Debug;
		};
		E5627BD72CF4BEDB00C4DD5A /* Release */ = {
			isa = XCBuildConfiguration;
			buildSettings = {
				ASSETCATALOG_COMPILER_APPICON_NAME = AppIcon;
				ASSETCATALOG_COMPILER_GLOBAL_ACCENT_COLOR_NAME = AccentColor;
				CODE_SIGN_STYLE = Automatic;
				CURRENT_PROJECT_VERSION = 1;
				DEVELOPMENT_TEAM = TNNPKNN4HZ;
				GENERATE_INFOPLIST_FILE = YES;
				INFOPLIST_FILE = CalenderSampleApp/Info.plist;
				INFOPLIST_KEY_UIApplicationSupportsIndirectInputEvents = YES;
				INFOPLIST_KEY_UILaunchStoryboardName = LaunchScreen;
				INFOPLIST_KEY_UIMainStoryboardFile = Main;
				INFOPLIST_KEY_UISupportedInterfaceOrientations_iPad = "UIInterfaceOrientationPortrait UIInterfaceOrientationPortraitUpsideDown UIInterfaceOrientationLandscapeLeft UIInterfaceOrientationLandscapeRight";
				INFOPLIST_KEY_UISupportedInterfaceOrientations_iPhone = "UIInterfaceOrientationPortrait UIInterfaceOrientationLandscapeLeft UIInterfaceOrientationLandscapeRight";
				IPHONEOS_DEPLOYMENT_TARGET = 13;
				LD_RUNPATH_SEARCH_PATHS = (
					"$(inherited)",
					"@executable_path/Frameworks",
				);
				MARKETING_VERSION = 1.0;
				PRODUCT_BUNDLE_IDENTIFIER = com.apppppp.CalenderSampleApp;
				PRODUCT_NAME = "$(TARGET_NAME)";
				SWIFT_EMIT_LOC_STRINGS = YES;
				SWIFT_VERSION = 5.0;
				TARGETED_DEVICE_FAMILY = "1,2";
			};
			name = Release;
		};
		E588FE882CF94102002F03CB /* Debug */ = {
			isa = XCBuildConfiguration;
			buildSettings = {
				ASSETCATALOG_COMPILER_APPICON_NAME = AppIcon;
				ASSETCATALOG_COMPILER_GLOBAL_ACCENT_COLOR_NAME = AccentColor;
				CODE_SIGN_STYLE = Automatic;
				CURRENT_PROJECT_VERSION = 1;
				DEVELOPMENT_TEAM = TNNPKNN4HZ;
				GENERATE_INFOPLIST_FILE = YES;
				INFOPLIST_FILE = EmotionFormSampleApp/Info.plist;
				INFOPLIST_KEY_UIApplicationSupportsIndirectInputEvents = YES;
				INFOPLIST_KEY_UILaunchStoryboardName = LaunchScreen;
				INFOPLIST_KEY_UIMainStoryboardFile = Main;
				INFOPLIST_KEY_UISupportedInterfaceOrientations_iPad = "UIInterfaceOrientationPortrait UIInterfaceOrientationPortraitUpsideDown UIInterfaceOrientationLandscapeLeft UIInterfaceOrientationLandscapeRight";
				INFOPLIST_KEY_UISupportedInterfaceOrientations_iPhone = "UIInterfaceOrientationPortrait UIInterfaceOrientationLandscapeLeft UIInterfaceOrientationLandscapeRight";
				IPHONEOS_DEPLOYMENT_TARGET = 13.0;
				LD_RUNPATH_SEARCH_PATHS = (
					"$(inherited)",
					"@executable_path/Frameworks",
				);
				MARKETING_VERSION = 1.0;
				PRODUCT_BUNDLE_IDENTIFIER = com.apppppp.EmotionFormSampleApp;
				PRODUCT_NAME = "$(TARGET_NAME)";
				SWIFT_EMIT_LOC_STRINGS = YES;
				SWIFT_VERSION = 5.0;
				TARGETED_DEVICE_FAMILY = "1,2";
			};
			name = Debug;
		};
		E588FE892CF94102002F03CB /* Release */ = {
			isa = XCBuildConfiguration;
			buildSettings = {
				ASSETCATALOG_COMPILER_APPICON_NAME = AppIcon;
				ASSETCATALOG_COMPILER_GLOBAL_ACCENT_COLOR_NAME = AccentColor;
				CODE_SIGN_STYLE = Automatic;
				CURRENT_PROJECT_VERSION = 1;
				DEVELOPMENT_TEAM = TNNPKNN4HZ;
				GENERATE_INFOPLIST_FILE = YES;
				INFOPLIST_FILE = EmotionFormSampleApp/Info.plist;
				INFOPLIST_KEY_UIApplicationSupportsIndirectInputEvents = YES;
				INFOPLIST_KEY_UILaunchStoryboardName = LaunchScreen;
				INFOPLIST_KEY_UIMainStoryboardFile = Main;
				INFOPLIST_KEY_UISupportedInterfaceOrientations_iPad = "UIInterfaceOrientationPortrait UIInterfaceOrientationPortraitUpsideDown UIInterfaceOrientationLandscapeLeft UIInterfaceOrientationLandscapeRight";
				INFOPLIST_KEY_UISupportedInterfaceOrientations_iPhone = "UIInterfaceOrientationPortrait UIInterfaceOrientationLandscapeLeft UIInterfaceOrientationLandscapeRight";
				IPHONEOS_DEPLOYMENT_TARGET = 13.0;
				LD_RUNPATH_SEARCH_PATHS = (
					"$(inherited)",
					"@executable_path/Frameworks",
				);
				MARKETING_VERSION = 1.0;
				PRODUCT_BUNDLE_IDENTIFIER = com.apppppp.EmotionFormSampleApp;
				PRODUCT_NAME = "$(TARGET_NAME)";
				SWIFT_EMIT_LOC_STRINGS = YES;
				SWIFT_VERSION = 5.0;
				TARGETED_DEVICE_FAMILY = "1,2";
			};
			name = Release;
		};
		E5A92F802CF72E840019C6DB /* Debug */ = {
			isa = XCBuildConfiguration;
			buildSettings = {
				ASSETCATALOG_COMPILER_APPICON_NAME = AppIcon;
				ASSETCATALOG_COMPILER_GLOBAL_ACCENT_COLOR_NAME = AccentColor;
				CODE_SIGN_STYLE = Automatic;
				CURRENT_PROJECT_VERSION = 1;
				DEVELOPMENT_TEAM = TNNPKNN4HZ;
				GENERATE_INFOPLIST_FILE = YES;
				INFOPLIST_FILE = AlcoholMeterSampleApp/Info.plist;
				INFOPLIST_KEY_UIApplicationSupportsIndirectInputEvents = YES;
				INFOPLIST_KEY_UILaunchStoryboardName = LaunchScreen;
				INFOPLIST_KEY_UIMainStoryboardFile = Main;
				INFOPLIST_KEY_UISupportedInterfaceOrientations_iPad = "UIInterfaceOrientationPortrait UIInterfaceOrientationPortraitUpsideDown UIInterfaceOrientationLandscapeLeft UIInterfaceOrientationLandscapeRight";
				INFOPLIST_KEY_UISupportedInterfaceOrientations_iPhone = "UIInterfaceOrientationPortrait UIInterfaceOrientationLandscapeLeft UIInterfaceOrientationLandscapeRight";
				IPHONEOS_DEPLOYMENT_TARGET = 13.0;
				LD_RUNPATH_SEARCH_PATHS = (
					"$(inherited)",
					"@executable_path/Frameworks",
				);
				MARKETING_VERSION = 1.0;
				PRODUCT_BUNDLE_IDENTIFIER = com.apppppp.AlcoholMeterSampleApp;
				PRODUCT_NAME = "$(TARGET_NAME)";
				SWIFT_EMIT_LOC_STRINGS = YES;
				SWIFT_VERSION = 5.0;
				TARGETED_DEVICE_FAMILY = "1,2";
			};
			name = Debug;
		};
		E5A92F812CF72E840019C6DB /* Release */ = {
			isa = XCBuildConfiguration;
			buildSettings = {
				ASSETCATALOG_COMPILER_APPICON_NAME = AppIcon;
				ASSETCATALOG_COMPILER_GLOBAL_ACCENT_COLOR_NAME = AccentColor;
				CODE_SIGN_STYLE = Automatic;
				CURRENT_PROJECT_VERSION = 1;
				DEVELOPMENT_TEAM = TNNPKNN4HZ;
				GENERATE_INFOPLIST_FILE = YES;
				INFOPLIST_FILE = AlcoholMeterSampleApp/Info.plist;
				INFOPLIST_KEY_UIApplicationSupportsIndirectInputEvents = YES;
				INFOPLIST_KEY_UILaunchStoryboardName = LaunchScreen;
				INFOPLIST_KEY_UIMainStoryboardFile = Main;
				INFOPLIST_KEY_UISupportedInterfaceOrientations_iPad = "UIInterfaceOrientationPortrait UIInterfaceOrientationPortraitUpsideDown UIInterfaceOrientationLandscapeLeft UIInterfaceOrientationLandscapeRight";
				INFOPLIST_KEY_UISupportedInterfaceOrientations_iPhone = "UIInterfaceOrientationPortrait UIInterfaceOrientationLandscapeLeft UIInterfaceOrientationLandscapeRight";
				IPHONEOS_DEPLOYMENT_TARGET = 13.0;
				LD_RUNPATH_SEARCH_PATHS = (
					"$(inherited)",
					"@executable_path/Frameworks",
				);
				MARKETING_VERSION = 1.0;
				PRODUCT_BUNDLE_IDENTIFIER = com.apppppp.AlcoholMeterSampleApp;
				PRODUCT_NAME = "$(TARGET_NAME)";
				SWIFT_EMIT_LOC_STRINGS = YES;
				SWIFT_VERSION = 5.0;
				TARGETED_DEVICE_FAMILY = "1,2";
			};
			name = Release;
		};
/* End XCBuildConfiguration section */

/* Begin XCConfigurationList section */
		E54B7D8C2CFA040B0073D850 /* Build configuration list for PBXNativeTarget "RealmSampleApp" */ = {
			isa = XCConfigurationList;
			buildConfigurations = (
				E54B7D8A2CFA040B0073D850 /* Debug */,
				E54B7D8B2CFA040B0073D850 /* Release */,
			);
			defaultConfigurationIsVisible = 0;
			defaultConfigurationName = Release;
		};
		E55B847B2CF6D36000B110F3 /* Build configuration list for PBXNativeTarget "AlcoholFormSampleApp" */ = {
			isa = XCConfigurationList;
			buildConfigurations = (
				E55B84792CF6D36000B110F3 /* Debug */,
				E55B847A2CF6D36000B110F3 /* Release */,
			);
			defaultConfigurationIsVisible = 0;
			defaultConfigurationName = Release;
		};
		E5627BA42CF4BEB800C4DD5A /* Build configuration list for PBXProject "ios_sample_dansyu" */ = {
			isa = XCConfigurationList;
			buildConfigurations = (
				E5627BBB2CF4BEB900C4DD5A /* Debug */,
				E5627BBC2CF4BEB900C4DD5A /* Release */,
			);
			defaultConfigurationIsVisible = 0;
			defaultConfigurationName = Release;
		};
		E5627BD52CF4BEDB00C4DD5A /* Build configuration list for PBXNativeTarget "CalenderSampleApp" */ = {
			isa = XCConfigurationList;
			buildConfigurations = (
				E5627BD62CF4BEDB00C4DD5A /* Debug */,
				E5627BD72CF4BEDB00C4DD5A /* Release */,
			);
			defaultConfigurationIsVisible = 0;
			defaultConfigurationName = Release;
		};
		E588FE8A2CF94102002F03CB /* Build configuration list for PBXNativeTarget "EmotionFormSampleApp" */ = {
			isa = XCConfigurationList;
			buildConfigurations = (
				E588FE882CF94102002F03CB /* Debug */,
				E588FE892CF94102002F03CB /* Release */,
			);
			defaultConfigurationIsVisible = 0;
			defaultConfigurationName = Release;
		};
		E5A92F822CF72E840019C6DB /* Build configuration list for PBXNativeTarget "AlcoholMeterSampleApp" */ = {
			isa = XCConfigurationList;
			buildConfigurations = (
				E5A92F802CF72E840019C6DB /* Debug */,
				E5A92F812CF72E840019C6DB /* Release */,
			);
			defaultConfigurationIsVisible = 0;
			defaultConfigurationName = Release;
		};
/* End XCConfigurationList section */
	};
	rootObject = E5627BA12CF4BEB800C4DD5A /* Project object */;
}
